
Microsoft Visual Studio Solution File, Format Version 12.00
# Visual Studio Version 17
VisualStudioVersion = 17.5.33627.172
MinimumVisualStudioVersion = 10.0.40219.1
Project("{FAE04EC0-301F-11D3-BF4B-00C04F79EFBC}") = "TrabalhoLTP#3-Interfaces", "TrabalhoLTP#3-Interfaces\TrabalhoLTP#3-Interfaces.csproj", "{04A57042-A1AD-4C43-AA3C-154C6D04F764}"
EndProject
Global
	GlobalSection(SolutionConfigurationPlatforms) = preSolution
		Debug|Any CPU = Debug|Any CPU
		Release|Any CPU = Release|Any CPU
	EndGlobalSection
	GlobalSection(ProjectConfigurationPlatforms) = postSolution
		{04A57042-A1AD-4C43-AA3C-154C6D04F764}.Debug|Any CPU.ActiveCfg = Debug|Any CPU
		{04A57042-A1AD-4C43-AA3C-154C6D04F764}.Debug|Any CPU.Build.0 = Debug|Any CPU
		{04A57042-A1AD-4C43-AA3C-154C6D04F764}.Release|Any CPU.ActiveCfg = Release|Any CPU
		{04A57042-A1AD-4C43-AA3C-154C6D04F764}.Release|Any CPU.Build.0 = Release|Any CPU
	EndGlobalSection
	GlobalSection(SolutionProperties) = preSolution
		HideSolutionNode = FALSE
	EndGlobalSection
	GlobalSection(ExtensibilityGlobals) = postSolution
		SolutionGuid = {9E092C7F-16D0-43FD-B9C6-0166A1B8F15D}
	EndGlobalSection
EndGlobal
